
Microsoft Visual Studio Solution File, Format Version 12.00
# Visual Studio 15
Project("{FAE04EC0-301F-11D3-BF4B-00C04F79EFBC}") = "NavMeshComponents", "NavMeshComponents.csproj", "{6C4766DA-2508-6224-BFE8-DD4B94AE6931}"
EndProject
Project("{FAE04EC0-301F-11D3-BF4B-00C04F79EFBC}") = "Assembly-CSharp", "Assembly-CSharp.csproj", "{56660E7F-F537-2DEF-054B-330434A85737}"
EndProject
Project("{FAE04EC0-301F-11D3-BF4B-00C04F79EFBC}") = "NavMeshComponentsEditor", "NavMeshComponentsEditor.csproj", "{68437761-7DAF-1972-F510-5D9DA92D1095}"
EndProject
Global
	GlobalSection(SolutionConfigurationPlatforms) = preSolution
		Debug|Any CPU = Debug|Any CPU
		Release|Any CPU = Release|Any CPU
	EndGlobalSection
	GlobalSection(ProjectConfigurationPlatforms) = postSolution
		{6C4766DA-2508-6224-BFE8-DD4B94AE6931}.Debug|Any CPU.ActiveCfg = Debug|Any CPU
		{6C4766DA-2508-6224-BFE8-DD4B94AE6931}.Debug|Any CPU.Build.0 = Debug|Any CPU
		{6C4766DA-2508-6224-BFE8-DD4B94AE6931}.Release|Any CPU.ActiveCfg = Release|Any CPU
		{6C4766DA-2508-6224-BFE8-DD4B94AE6931}.Release|Any CPU.Build.0 = Release|Any CPU
		{56660E7F-F537-2DEF-054B-330434A85737}.Debug|Any CPU.ActiveCfg = Debug|Any CPU
		{56660E7F-F537-2DEF-054B-330434A85737}.Debug|Any CPU.Build.0 = Debug|Any CPU
		{56660E7F-F537-2DEF-054B-330434A85737}.Release|Any CPU.ActiveCfg = Release|Any CPU
		{56660E7F-F537-2DEF-054B-330434A85737}.Release|Any CPU.Build.0 = Release|Any CPU
		{68437761-7DAF-1972-F510-5D9DA92D1095}.Debug|Any CPU.ActiveCfg = Debug|Any CPU
		{68437761-7DAF-1972-F510-5D9DA92D1095}.Debug|Any CPU.Build.0 = Debug|Any CPU
		{68437761-7DAF-1972-F510-5D9DA92D1095}.Release|Any CPU.ActiveCfg = Release|Any CPU
		{68437761-7DAF-1972-F510-5D9DA92D1095}.Release|Any CPU.Build.0 = Release|Any CPU
	EndGlobalSection
	GlobalSection(SolutionProperties) = preSolution
		HideSolutionNode = FALSE
	EndGlobalSection
EndGlobal
